
Microsoft Visual Studio Solution File, Format Version 12.00
# Visual Studio Version 17
VisualStudioVersion = 17.1.32210.238
MinimumVisualStudioVersion = 10.0.40219.1
Project("{9A19103F-16F7-4668-BE54-9A1E7A4F7556}") = "EmployeesManager.Web", "EmployeesManager\EmployeesManager.Web.csproj", "{01CDDF6F-E99E-423D-AC67-9473345A122E}"
EndProject
Project("{9A19103F-16F7-4668-BE54-9A1E7A4F7556}") = "EmployeesManager.Model", "EmployeesManager.Model\EmployeesManager.Model.csproj", "{72D8C6DA-EDF6-4989-865A-6E344234034C}"
EndProject
Project("{9A19103F-16F7-4668-BE54-9A1E7A4F7556}") = "EmployeesManager.DAL", "EmployeesManager.DAL\EmployeesManager.DAL.csproj", "{F7454A59-8FD2-4FB4-B46C-310941654155}"
EndProject
Global
	GlobalSection(SolutionConfigurationPlatforms) = preSolution
		Debug|Any CPU = Debug|Any CPU
		Release|Any CPU = Release|Any CPU
	EndGlobalSection
	GlobalSection(ProjectConfigurationPlatforms) = postSolution
		{01CDDF6F-E99E-423D-AC67-9473345A122E}.Debug|Any CPU.ActiveCfg = Debug|Any CPU
		{01CDDF6F-E99E-423D-AC67-9473345A122E}.Debug|Any CPU.Build.0 = Debug|Any CPU
		{01CDDF6F-E99E-423D-AC67-9473345A122E}.Release|Any CPU.ActiveCfg = Release|Any CPU
		{01CDDF6F-E99E-423D-AC67-9473345A122E}.Release|Any CPU.Build.0 = Release|Any CPU
		{72D8C6DA-EDF6-4989-865A-6E344234034C}.Debug|Any CPU.ActiveCfg = Debug|Any CPU
		{72D8C6DA-EDF6-4989-865A-6E344234034C}.Debug|Any CPU.Build.0 = Debug|Any CPU
		{72D8C6DA-EDF6-4989-865A-6E344234034C}.Release|Any CPU.ActiveCfg = Release|Any CPU
		{72D8C6DA-EDF6-4989-865A-6E344234034C}.Release|Any CPU.Build.0 = Release|Any CPU
		{F7454A59-8FD2-4FB4-B46C-310941654155}.Debug|Any CPU.ActiveCfg = Debug|Any CPU
		{F7454A59-8FD2-4FB4-B46C-310941654155}.Debug|Any CPU.Build.0 = Debug|Any CPU
		{F7454A59-8FD2-4FB4-B46C-310941654155}.Release|Any CPU.ActiveCfg = Release|Any CPU
		{F7454A59-8FD2-4FB4-B46C-310941654155}.Release|Any CPU.Build.0 = Release|Any CPU
	EndGlobalSection
	GlobalSection(SolutionProperties) = preSolution
		HideSolutionNode = FALSE
	EndGlobalSection
	GlobalSection(ExtensibilityGlobals) = postSolution
		SolutionGuid = {D1975C33-0E2C-4805-9B8D-ED5D8D8B30C2}
	EndGlobalSection
EndGlobal
